
Microsoft Visual Studio Solution File, Format Version 12.00
# Visual Studio Version 17
VisualStudioVersion = 17.13.35617.110
MinimumVisualStudioVersion = 10.0.40219.1
Project("{8BC9CEB8-8B4A-11D0-8D11-00A0C91BC942}") = "Hello C", "Hello C\Hello C.vcxproj", "{46E1309D-67C6-48F3-AF92-97EEE2D506D1}"
EndProject
Project("{8BC9CEB8-8B4A-11D0-8D11-00A0C91BC942}") = "P200", "..\P200\P200.vcxproj", "{AA1AD469-B6D4-4F33-8057-0E821BCA590F}"
EndProject
Project("{8BC9CEB8-8B4A-11D0-8D11-00A0C91BC942}") = "P210", "..\P210\P209.vcxproj", "{AAD20A67-0B13-4DD7-B26C-A6D40D1B5268}"
EndProject
Project("{8BC9CEB8-8B4A-11D0-8D11-00A0C91BC942}") = "P209", "..\P209\P208.vcxproj", "{B0D6F025-F72A-4629-9B42-F484A5EED49B}"
EndProject
Project("{8BC9CEB8-8B4A-11D0-8D11-00A0C91BC942}") = "P207", "..\P207\P207.vcxproj", "{5E641C99-C66B-4956-A6A3-8D1453B44972}"
EndProject
Project("{8BC9CEB8-8B4A-11D0-8D11-00A0C91BC942}") = "P211", "..\P211\P211.vcxproj", "{C3C80C2C-3D49-4718-9994-6144F5E50D42}"
EndProject
Project("{8BC9CEB8-8B4A-11D0-8D11-00A0C91BC942}") = "P212", "..\P212\P212.vcxproj", "{5E08E896-5C87-4E4D-9EC3-26D7313783D0}"
EndProject
Project("{8BC9CEB8-8B4A-11D0-8D11-00A0C91BC942}") = "P213", "..\P213\P213.vcxproj", "{160A8271-0F36-4A3B-8E5F-40C92F7B4B23}"
EndProject
Project("{8BC9CEB8-8B4A-11D0-8D11-00A0C91BC942}") = "P214", "..\P214\P214.vcxproj", "{88270279-1AE5-457D-8A96-EB267E02BD93}"
EndProject
Project("{8BC9CEB8-8B4A-11D0-8D11-00A0C91BC942}") = "P215", "..\P215\P215.vcxproj", "{054686AA-1F20-4AC7-8AD2-520FA026E974}"
EndProject
Project("{8BC9CEB8-8B4A-11D0-8D11-00A0C91BC942}") = "P216", "..\P216\P216.vcxproj", "{1565E97F-8907-4387-A11F-CB0D12033A84}"
EndProject
Project("{8BC9CEB8-8B4A-11D0-8D11-00A0C91BC942}") = "P217", "..\P217\P217.vcxproj", "{45B65C62-2894-4E32-8455-23398A092205}"
EndProject
Project("{8BC9CEB8-8B4A-11D0-8D11-00A0C91BC942}") = "P218", "..\P218\P218.vcxproj", "{E7BD7D6A-FEAE-4462-B28B-DFB96803F8E1}"
EndProject
Project("{8BC9CEB8-8B4A-11D0-8D11-00A0C91BC942}") = "P219", "..\P219\P219.vcxproj", "{554977FF-35F1-4F36-AC5B-8797CC88CE53}"
EndProject
Project("{8BC9CEB8-8B4A-11D0-8D11-00A0C91BC942}") = "P220", "..\P220\P220.vcxproj", "{F29A98BE-9764-4784-A869-52BE1097B613}"
EndProject
Project("{8BC9CEB8-8B4A-11D0-8D11-00A0C91BC942}") = "P221", "..\P221\P221.vcxproj", "{BA20A6E7-C6F2-4DD9-A659-B6A69255BDCA}"
EndProject
Project("{8BC9CEB8-8B4A-11D0-8D11-00A0C91BC942}") = "P222", "..\P222\P222.vcxproj", "{5A956935-34F4-4D6D-86D7-6A627E480F26}"
EndProject
Project("{8BC9CEB8-8B4A-11D0-8D11-00A0C91BC942}") = "P223", "..\P223\P223.vcxproj", "{15668113-135C-4F59-8425-996F45C07409}"
EndProject
Project("{8BC9CEB8-8B4A-11D0-8D11-00A0C91BC942}") = "P224", "..\P224\P224.vcxproj", "{E39C3AFC-73ED-42CE-B244-BB194E1BCB54}"
EndProject
Project("{8BC9CEB8-8B4A-11D0-8D11-00A0C91BC942}") = "P225", "..\P225\P225.vcxproj", "{7C4D7537-2E26-40A1-B8C4-2DE8BE4FAA21}"
EndProject
Project("{8BC9CEB8-8B4A-11D0-8D11-00A0C91BC942}") = "P226", "..\P226\P226.vcxproj", "{4F2495C6-6606-469B-8F0A-783A1F488674}"
EndProject
Global
	GlobalSection(SolutionConfigurationPlatforms) = preSolution
		Debug|x64 = Debug|x64
		Debug|x86 = Debug|x86
		Release|x64 = Release|x64
		Release|x86 = Release|x86
	EndGlobalSection
	GlobalSection(ProjectConfigurationPlatforms) = postSolution
		{46E1309D-67C6-48F3-AF92-97EEE2D506D1}.Debug|x64.ActiveCfg = Debug|x64
		{46E1309D-67C6-48F3-AF92-97EEE2D506D1}.Debug|x64.Build.0 = Debug|x64
		{46E1309D-67C6-48F3-AF92-97EEE2D506D1}.Debug|x86.ActiveCfg = Debug|Win32
		{46E1309D-67C6-48F3-AF92-97EEE2D506D1}.Debug|x86.Build.0 = Debug|Win32
		{46E1309D-67C6-48F3-AF92-97EEE2D506D1}.Release|x64.ActiveCfg = Release|x64
		{46E1309D-67C6-48F3-AF92-97EEE2D506D1}.Release|x64.Build.0 = Release|x64
		{46E1309D-67C6-48F3-AF92-97EEE2D506D1}.Release|x86.ActiveCfg = Release|Win32
		{46E1309D-67C6-48F3-AF92-97EEE2D506D1}.Release|x86.Build.0 = Release|Win32
		{AA1AD469-B6D4-4F33-8057-0E821BCA590F}.Debug|x64.ActiveCfg = Debug|x64
		{AA1AD469-B6D4-4F33-8057-0E821BCA590F}.Debug|x64.Build.0 = Debug|x64
		{AA1AD469-B6D4-4F33-8057-0E821BCA590F}.Debug|x86.ActiveCfg = Debug|Win32
		{AA1AD469-B6D4-4F33-8057-0E821BCA590F}.Debug|x86.Build.0 = Debug|Win32
		{AA1AD469-B6D4-4F33-8057-0E821BCA590F}.Release|x64.ActiveCfg = Release|x64
		{AA1AD469-B6D4-4F33-8057-0E821BCA590F}.Release|x64.Build.0 = Release|x64
		{AA1AD469-B6D4-4F33-8057-0E821BCA590F}.Release|x86.ActiveCfg = Release|Win32
		{AA1AD469-B6D4-4F33-8057-0E821BCA590F}.Release|x86.Build.0 = Release|Win32
		{AAD20A67-0B13-4DD7-B26C-A6D40D1B5268}.Debug|x64.ActiveCfg = Debug|x64
		{AAD20A67-0B13-4DD7-B26C-A6D40D1B5268}.Debug|x64.Build.0 = Debug|x64
		{AAD20A67-0B13-4DD7-B26C-A6D40D1B5268}.Debug|x86.ActiveCfg = Debug|Win32
		{AAD20A67-0B13-4DD7-B26C-A6D40D1B5268}.Debug|x86.Build.0 = Debug|Win32
		{AAD20A67-0B13-4DD7-B26C-A6D40D1B5268}.Release|x64.ActiveCfg = Release|x64
		{AAD20A67-0B13-4DD7-B26C-A6D40D1B5268}.Release|x64.Build.0 = Release|x64
		{AAD20A67-0B13-4DD7-B26C-A6D40D1B5268}.Release|x86.ActiveCfg = Release|Win32
		{AAD20A67-0B13-4DD7-B26C-A6D40D1B5268}.Release|x86.Build.0 = Release|Win32
		{B0D6F025-F72A-4629-9B42-F484A5EED49B}.Debug|x64.ActiveCfg = Debug|x64
		{B0D6F025-F72A-4629-9B42-F484A5EED49B}.Debug|x64.Build.0 = Debug|x64
		{B0D6F025-F72A-4629-9B42-F484A5EED49B}.Debug|x86.ActiveCfg = Debug|Win32
		{B0D6F025-F72A-4629-9B42-F484A5EED49B}.Debug|x86.Build.0 = Debug|Win32
		{B0D6F025-F72A-4629-9B42-F484A5EED49B}.Release|x64.ActiveCfg = Release|x64
		{B0D6F025-F72A-4629-9B42-F484A5EED49B}.Release|x64.Build.0 = Release|x64
		{B0D6F025-F72A-4629-9B42-F484A5EED49B}.Release|x86.ActiveCfg = Release|Win32
		{B0D6F025-F72A-4629-9B42-F484A5EED49B}.Release|x86.Build.0 = Release|Win32
		{5E641C99-C66B-4956-A6A3-8D1453B44972}.Debug|x64.ActiveCfg = Debug|x64
		{5E641C99-C66B-4956-A6A3-8D1453B44972}.Debug|x64.Build.0 = Debug|x64
		{5E641C99-C66B-4956-A6A3-8D1453B44972}.Debug|x86.ActiveCfg = Debug|Win32
		{5E641C99-C66B-4956-A6A3-8D1453B44972}.Debug|x86.Build.0 = Debug|Win32
		{5E641C99-C66B-4956-A6A3-8D1453B44972}.Release|x64.ActiveCfg = Release|x64
		{5E641C99-C66B-4956-A6A3-8D1453B44972}.Release|x64.Build.0 = Release|x64
		{5E641C99-C66B-4956-A6A3-8D1453B44972}.Release|x86.ActiveCfg = Release|Win32
		{5E641C99-C66B-4956-A6A3-8D1453B44972}.Release|x86.Build.0 = Release|Win32
		{C3C80C2C-3D49-4718-9994-6144F5E50D42}.Debug|x64.ActiveCfg = Debug|x64
		{C3C80C2C-3D49-4718-9994-6144F5E50D42}.Debug|x64.Build.0 = Debug|x64
		{C3C80C2C-3D49-4718-9994-6144F5E50D42}.Debug|x86.ActiveCfg = Debug|Win32
		{C3C80C2C-3D49-4718-9994-6144F5E50D42}.Debug|x86.Build.0 = Debug|Win32
		{C3C80C2C-3D49-4718-9994-6144F5E50D42}.Release|x64.ActiveCfg = Release|x64
		{C3C80C2C-3D49-4718-9994-6144F5E50D42}.Release|x64.Build.0 = Release|x64
		{C3C80C2C-3D49-4718-9994-6144F5E50D42}.Release|x86.ActiveCfg = Release|Win32
		{C3C80C2C-3D49-4718-9994-6144F5E50D42}.Release|x86.Build.0 = Release|Win32
		{5E08E896-5C87-4E4D-9EC3-26D7313783D0}.Debug|x64.ActiveCfg = Debug|x64
		{5E08E896-5C87-4E4D-9EC3-26D7313783D0}.Debug|x64.Build.0 = Debug|x64
		{5E08E896-5C87-4E4D-9EC3-26D7313783D0}.Debug|x86.ActiveCfg = Debug|Win32
		{5E08E896-5C87-4E4D-9EC3-26D7313783D0}.Debug|x86.Build.0 = Debug|Win32
		{5E08E896-5C87-4E4D-9EC3-26D7313783D0}.Release|x64.ActiveCfg = Release|x64
		{5E08E896-5C87-4E4D-9EC3-26D7313783D0}.Release|x64.Build.0 = Release|x64
		{5E08E896-5C87-4E4D-9EC3-26D7313783D0}.Release|x86.ActiveCfg = Release|Win32
		{5E08E896-5C87-4E4D-9EC3-26D7313783D0}.Release|x86.Build.0 = Release|Win32
		{160A8271-0F36-4A3B-8E5F-40C92F7B4B23}.Debug|x64.ActiveCfg = Debug|x64
		{160A8271-0F36-4A3B-8E5F-40C92F7B4B23}.Debug|x64.Build.0 = Debug|x64
		{160A8271-0F36-4A3B-8E5F-40C92F7B4B23}.Debug|x86.ActiveCfg = Debug|Win32
		{160A8271-0F36-4A3B-8E5F-40C92F7B4B23}.Debug|x86.Build.0 = Debug|Win32
		{160A8271-0F36-4A3B-8E5F-40C92F7B4B23}.Release|x64.ActiveCfg = Release|x64
		{160A8271-0F36-4A3B-8E5F-40C92F7B4B23}.Release|x64.Build.0 = Release|x64
		{160A8271-0F36-4A3B-8E5F-40C92F7B4B23}.Release|x86.ActiveCfg = Release|Win32
		{160A8271-0F36-4A3B-8E5F-40C92F7B4B23}.Release|x86.Build.0 = Release|Win32
		{88270279-1AE5-457D-8A96-EB267E02BD93}.Debug|x64.ActiveCfg = Debug|x64
		{88270279-1AE5-457D-8A96-EB267E02BD93}.Debug|x64.Build.0 = Debug|x64
		{88270279-1AE5-457D-8A96-EB267E02BD93}.Debug|x86.ActiveCfg = Debug|Win32
		{88270279-1AE5-457D-8A96-EB267E02BD93}.Debug|x86.Build.0 = Debug|Win32
		{88270279-1AE5-457D-8A96-EB267E02BD93}.Release|x64.ActiveCfg = Release|x64
		{88270279-1AE5-457D-8A96-EB267E02BD93}.Release|x64.Build.0 = Release|x64
		{88270279-1AE5-457D-8A96-EB267E02BD93}.Release|x86.ActiveCfg = Release|Win32
		{88270279-1AE5-457D-8A96-EB267E02BD93}.Release|x86.Build.0 = Release|Win32
		{054686AA-1F20-4AC7-8AD2-520FA026E974}.Debug|x64.ActiveCfg = Debug|x64
		{054686AA-1F20-4AC7-8AD2-520FA026E974}.Debug|x64.Build.0 = Debug|x64
		{054686AA-1F20-4AC7-8AD2-520FA026E974}.Debug|x86.ActiveCfg = Debug|Win32
		{054686AA-1F20-4AC7-8AD2-520FA026E974}.Debug|x86.Build.0 = Debug|Win32
		{054686AA-1F20-4AC7-8AD2-520FA026E974}.Release|x64.ActiveCfg = Release|x64
		{054686AA-1F20-4AC7-8AD2-520FA026E974}.Release|x64.Build.0 = Release|x64
		{054686AA-1F20-4AC7-8AD2-520FA026E974}.Release|x86.ActiveCfg = Release|Win32
		{054686AA-1F20-4AC7-8AD2-520FA026E974}.Release|x86.Build.0 = Release|Win32
		{1565E97F-8907-4387-A11F-CB0D12033A84}.Debug|x64.ActiveCfg = Debug|x64
		{1565E97F-8907-4387-A11F-CB0D12033A84}.Debug|x64.Build.0 = Debug|x64
		{1565E97F-8907-4387-A11F-CB0D12033A84}.Debug|x86.ActiveCfg = Debug|Win32
		{1565E97F-8907-4387-A11F-CB0D12033A84}.Debug|x86.Build.0 = Debug|Win32
		{1565E97F-8907-4387-A11F-CB0D12033A84}.Release|x64.ActiveCfg = Release|x64
		{1565E97F-8907-4387-A11F-CB0D12033A84}.Release|x64.Build.0 = Release|x64
		{1565E97F-8907-4387-A11F-CB0D12033A84}.Release|x86.ActiveCfg = Release|Win32
		{1565E97F-8907-4387-A11F-CB0D12033A84}.Release|x86.Build.0 = Release|Win32
		{45B65C62-2894-4E32-8455-23398A092205}.Debug|x64.ActiveCfg = Debug|x64
		{45B65C62-2894-4E32-8455-23398A092205}.Debug|x64.Build.0 = Debug|x64
		{45B65C62-2894-4E32-8455-23398A092205}.Debug|x86.ActiveCfg = Debug|Win32
		{45B65C62-2894-4E32-8455-23398A092205}.Debug|x86.Build.0 = Debug|Win32
		{45B65C62-2894-4E32-8455-23398A092205}.Release|x64.ActiveCfg = Release|x64
		{45B65C62-2894-4E32-8455-23398A092205}.Release|x64.Build.0 = Release|x64
		{45B65C62-2894-4E32-8455-23398A092205}.Release|x86.ActiveCfg = Release|Win32
		{45B65C62-2894-4E32-8455-23398A092205}.Release|x86.Build.0 = Release|Win32
		{E7BD7D6A-FEAE-4462-B28B-DFB96803F8E1}.Debug|x64.ActiveCfg = Debug|x64
		{E7BD7D6A-FEAE-4462-B28B-DFB96803F8E1}.Debug|x64.Build.0 = Debug|x64
		{E7BD7D6A-FEAE-4462-B28B-DFB96803F8E1}.Debug|x86.ActiveCfg = Debug|Win32
		{E7BD7D6A-FEAE-4462-B28B-DFB96803F8E1}.Debug|x86.Build.0 = Debug|Win32
		{E7BD7D6A-FEAE-4462-B28B-DFB96803F8E1}.Release|x64.ActiveCfg = Release|x64
		{E7BD7D6A-FEAE-4462-B28B-DFB96803F8E1}.Release|x64.Build.0 = Release|x64
		{E7BD7D6A-FEAE-4462-B28B-DFB96803F8E1}.Release|x86.ActiveCfg = Release|Win32
		{E7BD7D6A-FEAE-4462-B28B-DFB96803F8E1}.Release|x86.Build.0 = Release|Win32
		{554977FF-35F1-4F36-AC5B-8797CC88CE53}.Debug|x64.ActiveCfg = Debug|x64
		{554977FF-35F1-4F36-AC5B-8797CC88CE53}.Debug|x64.Build.0 = Debug|x64
		{554977FF-35F1-4F36-AC5B-8797CC88CE53}.Debug|x86.ActiveCfg = Debug|Win32
		{554977FF-35F1-4F36-AC5B-8797CC88CE53}.Debug|x86.Build.0 = Debug|Win32
		{554977FF-35F1-4F36-AC5B-8797CC88CE53}.Release|x64.ActiveCfg = Release|x64
		{554977FF-35F1-4F36-AC5B-8797CC88CE53}.Release|x64.Build.0 = Release|x64
		{554977FF-35F1-4F36-AC5B-8797CC88CE53}.Release|x86.ActiveCfg = Release|Win32
		{554977FF-35F1-4F36-AC5B-8797CC88CE53}.Release|x86.Build.0 = Release|Win32
		{F29A98BE-9764-4784-A869-52BE1097B613}.Debug|x64.ActiveCfg = Debug|x64
		{F29A98BE-9764-4784-A869-52BE1097B613}.Debug|x64.Build.0 = Debug|x64
		{F29A98BE-9764-4784-A869-52BE1097B613}.Debug|x86.ActiveCfg = Debug|Win32
		{F29A98BE-9764-4784-A869-52BE1097B613}.Debug|x86.Build.0 = Debug|Win32
		{F29A98BE-9764-4784-A869-52BE1097B613}.Release|x64.ActiveCfg = Release|x64
		{F29A98BE-9764-4784-A869-52BE1097B613}.Release|x64.Build.0 = Release|x64
		{F29A98BE-9764-4784-A869-52BE1097B613}.Release|x86.ActiveCfg = Release|Win32
		{F29A98BE-9764-4784-A869-52BE1097B613}.Release|x86.Build.0 = Release|Win32
		{BA20A6E7-C6F2-4DD9-A659-B6A69255BDCA}.Debug|x64.ActiveCfg = Debug|x64
		{BA20A6E7-C6F2-4DD9-A659-B6A69255BDCA}.Debug|x64.Build.0 = Debug|x64
		{BA20A6E7-C6F2-4DD9-A659-B6A69255BDCA}.Debug|x86.ActiveCfg = Debug|Win32
		{BA20A6E7-C6F2-4DD9-A659-B6A69255BDCA}.Debug|x86.Build.0 = Debug|Win32
		{BA20A6E7-C6F2-4DD9-A659-B6A69255BDCA}.Release|x64.ActiveCfg = Release|x64
		{BA20A6E7-C6F2-4DD9-A659-B6A69255BDCA}.Release|x64.Build.0 = Release|x64
		{BA20A6E7-C6F2-4DD9-A659-B6A69255BDCA}.Release|x86.ActiveCfg = Release|Win32
		{BA20A6E7-C6F2-4DD9-A659-B6A69255BDCA}.Release|x86.Build.0 = Release|Win32
		{5A956935-34F4-4D6D-86D7-6A627E480F26}.Debug|x64.ActiveCfg = Debug|x64
		{5A956935-34F4-4D6D-86D7-6A627E480F26}.Debug|x64.Build.0 = Debug|x64
		{5A956935-34F4-4D6D-86D7-6A627E480F26}.Debug|x86.ActiveCfg = Debug|Win32
		{5A956935-34F4-4D6D-86D7-6A627E480F26}.Debug|x86.Build.0 = Debug|Win32
		{5A956935-34F4-4D6D-86D7-6A627E480F26}.Release|x64.ActiveCfg = Release|x64
		{5A956935-34F4-4D6D-86D7-6A627E480F26}.Release|x64.Build.0 = Release|x64
		{5A956935-34F4-4D6D-86D7-6A627E480F26}.Release|x86.ActiveCfg = Release|Win32
		{5A956935-34F4-4D6D-86D7-6A627E480F26}.Release|x86.Build.0 = Release|Win32
		{15668113-135C-4F59-8425-996F45C07409}.Debug|x64.ActiveCfg = Debug|x64
		{15668113-135C-4F59-8425-996F45C07409}.Debug|x64.Build.0 = Debug|x64
		{15668113-135C-4F59-8425-996F45C07409}.Debug|x86.ActiveCfg = Debug|Win32
		{15668113-135C-4F59-8425-996F45C07409}.Debug|x86.Build.0 = Debug|Win32
		{15668113-135C-4F59-8425-996F45C07409}.Release|x64.ActiveCfg = Release|x64
		{15668113-135C-4F59-8425-996F45C07409}.Release|x64.Build.0 = Release|x64
		{15668113-135C-4F59-8425-996F45C07409}.Release|x86.ActiveCfg = Release|Win32
		{15668113-135C-4F59-8425-996F45C07409}.Release|x86.Build.0 = Release|Win32
		{E39C3AFC-73ED-42CE-B244-BB194E1BCB54}.Debug|x64.ActiveCfg = Debug|x64
		{E39C3AFC-73ED-42CE-B244-BB194E1BCB54}.Debug|x64.Build.0 = Debug|x64
		{E39C3AFC-73ED-42CE-B244-BB194E1BCB54}.Debug|x86.ActiveCfg = Debug|Win32
		{E39C3AFC-73ED-42CE-B244-BB194E1BCB54}.Debug|x86.Build.0 = Debug|Win32
		{E39C3AFC-73ED-42CE-B244-BB194E1BCB54}.Release|x64.ActiveCfg = Release|x64
		{E39C3AFC-73ED-42CE-B244-BB194E1BCB54}.Release|x64.Build.0 = Release|x64
		{E39C3AFC-73ED-42CE-B244-BB194E1BCB54}.Release|x86.ActiveCfg = Release|Win32
		{E39C3AFC-73ED-42CE-B244-BB194E1BCB54}.Release|x86.Build.0 = Release|Win32
		{7C4D7537-2E26-40A1-B8C4-2DE8BE4FAA21}.Debug|x64.ActiveCfg = Debug|x64
		{7C4D7537-2E26-40A1-B8C4-2DE8BE4FAA21}.Debug|x64.Build.0 = Debug|x64
		{7C4D7537-2E26-40A1-B8C4-2DE8BE4FAA21}.Debug|x86.ActiveCfg = Debug|Win32
		{7C4D7537-2E26-40A1-B8C4-2DE8BE4FAA21}.Debug|x86.Build.0 = Debug|Win32
		{7C4D7537-2E26-40A1-B8C4-2DE8BE4FAA21}.Release|x64.ActiveCfg = Release|x64
		{7C4D7537-2E26-40A1-B8C4-2DE8BE4FAA21}.Release|x64.Build.0 = Release|x64
		{7C4D7537-2E26-40A1-B8C4-2DE8BE4FAA21}.Release|x86.ActiveCfg = Release|Win32
		{7C4D7537-2E26-40A1-B8C4-2DE8BE4FAA21}.Release|x86.Build.0 = Release|Win32
		{4F2495C6-6606-469B-8F0A-783A1F488674}.Debug|x64.ActiveCfg = Debug|x64
		{4F2495C6-6606-469B-8F0A-783A1F488674}.Debug|x64.Build.0 = Debug|x64
		{4F2495C6-6606-469B-8F0A-783A1F488674}.Debug|x86.ActiveCfg = Debug|Win32
		{4F2495C6-6606-469B-8F0A-783A1F488674}.Debug|x86.Build.0 = Debug|Win32
		{4F2495C6-6606-469B-8F0A-783A1F488674}.Release|x64.ActiveCfg = Release|x64
		{4F2495C6-6606-469B-8F0A-783A1F488674}.Release|x64.Build.0 = Release|x64
		{4F2495C6-6606-469B-8F0A-783A1F488674}.Release|x86.ActiveCfg = Release|Win32
		{4F2495C6-6606-469B-8F0A-783A1F488674}.Release|x86.Build.0 = Release|Win32
	EndGlobalSection
	GlobalSection(SolutionProperties) = preSolution
		HideSolutionNode = FALSE
	EndGlobalSection
	GlobalSection(ExtensibilityGlobals) = postSolution
		SolutionGuid = {51B0EAE1-B546-4F73-AB0E-D7DAE787B2F3}
	EndGlobalSection
EndGlobal
